
Microsoft Visual Studio Solution File, Format Version 12.00
# Visual Studio Version 16
VisualStudioVersion = 16.0.30907.101
MinimumVisualStudioVersion = 10.0.40219.1
Project("{9A19103F-16F7-4668-BE54-9A1E7A4F7556}") = "KampIntro", "KampIntro\KampIntro.csproj", "{F9E285B3-E43E-4824-98DF-06173E1E3C0C}"
EndProject
Project("{9A19103F-16F7-4668-BE54-9A1E7A4F7556}") = "Donguler", "Donguler\Donguler.csproj", "{8DB77843-FD6A-446A-AEC5-6747462B8DB6}"
EndProject
Project("{9A19103F-16F7-4668-BE54-9A1E7A4F7556}") = "ClassIntro", "ClassIntro\ClassIntro.csproj", "{AAC35E3F-BCFD-46C7-9DF5-E92AEF01E485}"
EndProject
Project("{9A19103F-16F7-4668-BE54-9A1E7A4F7556}") = "Metodlar", "Metodlar\Metodlar.csproj", "{C2BDB9A8-6E82-420F-879E-64A8EE165279}"
EndProject
Project("{9A19103F-16F7-4668-BE54-9A1E7A4F7556}") = "maths", "maths\maths.csproj", "{7CF7F5DA-C6AC-4872-AA8D-F0FD484F0CC7}"
EndProject
Project("{9A19103F-16F7-4668-BE54-9A1E7A4F7556}") = "DegerVeReferansTipler", "DegerVeReferansTipler\DegerVeReferansTipler.csproj", "{4CEACEA2-882E-496B-9E78-01E92F0CCA13}"
EndProject
Project("{FAE04EC0-301F-11D3-BF4B-00C04F79EFBC}") = "ClassMetotDemo", "ClassMetotDemo\ClassMetotDemo.csproj", "{CD6DB15E-A611-4399-8BD9-09ABC57C74F2}"
EndProject
Global
	GlobalSection(SolutionConfigurationPlatforms) = preSolution
		Debug|Any CPU = Debug|Any CPU
		Release|Any CPU = Release|Any CPU
	EndGlobalSection
	GlobalSection(ProjectConfigurationPlatforms) = postSolution
		{F9E285B3-E43E-4824-98DF-06173E1E3C0C}.Debug|Any CPU.ActiveCfg = Debug|Any CPU
		{F9E285B3-E43E-4824-98DF-06173E1E3C0C}.Debug|Any CPU.Build.0 = Debug|Any CPU
		{F9E285B3-E43E-4824-98DF-06173E1E3C0C}.Release|Any CPU.ActiveCfg = Release|Any CPU
		{F9E285B3-E43E-4824-98DF-06173E1E3C0C}.Release|Any CPU.Build.0 = Release|Any CPU
		{8DB77843-FD6A-446A-AEC5-6747462B8DB6}.Debug|Any CPU.ActiveCfg = Debug|Any CPU
		{8DB77843-FD6A-446A-AEC5-6747462B8DB6}.Debug|Any CPU.Build.0 = Debug|Any CPU
		{8DB77843-FD6A-446A-AEC5-6747462B8DB6}.Release|Any CPU.ActiveCfg = Release|Any CPU
		{8DB77843-FD6A-446A-AEC5-6747462B8DB6}.Release|Any CPU.Build.0 = Release|Any CPU
		{AAC35E3F-BCFD-46C7-9DF5-E92AEF01E485}.Debug|Any CPU.ActiveCfg = Debug|Any CPU
		{AAC35E3F-BCFD-46C7-9DF5-E92AEF01E485}.Debug|Any CPU.Build.0 = Debug|Any CPU
		{AAC35E3F-BCFD-46C7-9DF5-E92AEF01E485}.Release|Any CPU.ActiveCfg = Release|Any CPU
		{AAC35E3F-BCFD-46C7-9DF5-E92AEF01E485}.Release|Any CPU.Build.0 = Release|Any CPU
		{C2BDB9A8-6E82-420F-879E-64A8EE165279}.Debug|Any CPU.ActiveCfg = Debug|Any CPU
		{C2BDB9A8-6E82-420F-879E-64A8EE165279}.Debug|Any CPU.Build.0 = Debug|Any CPU
		{C2BDB9A8-6E82-420F-879E-64A8EE165279}.Release|Any CPU.ActiveCfg = Release|Any CPU
		{C2BDB9A8-6E82-420F-879E-64A8EE165279}.Release|Any CPU.Build.0 = Release|Any CPU
		{7CF7F5DA-C6AC-4872-AA8D-F0FD484F0CC7}.Debug|Any CPU.ActiveCfg = Debug|Any CPU
		{7CF7F5DA-C6AC-4872-AA8D-F0FD484F0CC7}.Debug|Any CPU.Build.0 = Debug|Any CPU
		{7CF7F5DA-C6AC-4872-AA8D-F0FD484F0CC7}.Release|Any CPU.ActiveCfg = Release|Any CPU
		{7CF7F5DA-C6AC-4872-AA8D-F0FD484F0CC7}.Release|Any CPU.Build.0 = Release|Any CPU
		{4CEACEA2-882E-496B-9E78-01E92F0CCA13}.Debug|Any CPU.ActiveCfg = Debug|Any CPU
		{4CEACEA2-882E-496B-9E78-01E92F0CCA13}.Debug|Any CPU.Build.0 = Debug|Any CPU
		{4CEACEA2-882E-496B-9E78-01E92F0CCA13}.Release|Any CPU.ActiveCfg = Release|Any CPU
		{4CEACEA2-882E-496B-9E78-01E92F0CCA13}.Release|Any CPU.Build.0 = Release|Any CPU
		{CD6DB15E-A611-4399-8BD9-09ABC57C74F2}.Debug|Any CPU.ActiveCfg = Debug|Any CPU
		{CD6DB15E-A611-4399-8BD9-09ABC57C74F2}.Debug|Any CPU.Build.0 = Debug|Any CPU
		{CD6DB15E-A611-4399-8BD9-09ABC57C74F2}.Release|Any CPU.ActiveCfg = Release|Any CPU
		{CD6DB15E-A611-4399-8BD9-09ABC57C74F2}.Release|Any CPU.Build.0 = Release|Any CPU
	EndGlobalSection
	GlobalSection(SolutionProperties) = preSolution
		HideSolutionNode = FALSE
	EndGlobalSection
	GlobalSection(ExtensibilityGlobals) = postSolution
		SolutionGuid = {92373017-4460-4225-9EEB-A384A1FC0330}
	EndGlobalSection
EndGlobal
